
Microsoft Visual Studio Solution File, Format Version 12.00
# Visual Studio 2012
Project("{FAE04EC0-301F-11D3-BF4B-00C04F79EFBC}") = "vkontakte.net", "vkontakte.net\vkontakte.net.csproj", "{B91B3503-6551-4D0D-96E1-7E1E27ED1B50}"
EndProject
Project("{FAE04EC0-301F-11D3-BF4B-00C04F79EFBC}") = "MusicSearcher", "MusicSearcher\MusicSearcher.csproj", "{9A90012B-CBFD-45DF-A03F-CD1D345679E5}"
EndProject
Project("{FAE04EC0-301F-11D3-BF4B-00C04F79EFBC}") = "MusicSearcher.Wpf", "MusicSearcher.Wpf\MusicSearcher.Wpf.csproj", "{DED413BA-72D7-4F04-B516-EFB0161B915D}"
EndProject
Project("{FAE04EC0-301F-11D3-BF4B-00C04F79EFBC}") = "Spammer", "Spammer\Spammer.csproj", "{6C2730DF-4F19-4F30-8BD9-208F69419ED1}"
EndProject
Global
	GlobalSection(SubversionScc) = preSolution
		Svn-Managed = True
		Manager = AnkhSVN - Subversion Support for Visual Studio
	EndGlobalSection
	GlobalSection(SolutionConfigurationPlatforms) = preSolution
		Debug|Any CPU = Debug|Any CPU
		Debug|ARM = Debug|ARM
		Debug|x64 = Debug|x64
		Debug|x86 = Debug|x86
		Release|Any CPU = Release|Any CPU
		Release|ARM = Release|ARM
		Release|x64 = Release|x64
		Release|x86 = Release|x86
	EndGlobalSection
	GlobalSection(ProjectConfigurationPlatforms) = postSolution
		{B91B3503-6551-4D0D-96E1-7E1E27ED1B50}.Debug|Any CPU.ActiveCfg = Debug|Any CPU
		{B91B3503-6551-4D0D-96E1-7E1E27ED1B50}.Debug|Any CPU.Build.0 = Debug|Any CPU
		{B91B3503-6551-4D0D-96E1-7E1E27ED1B50}.Debug|ARM.ActiveCfg = Debug|Any CPU
		{B91B3503-6551-4D0D-96E1-7E1E27ED1B50}.Debug|x64.ActiveCfg = Debug|Any CPU
		{B91B3503-6551-4D0D-96E1-7E1E27ED1B50}.Debug|x86.ActiveCfg = Debug|Any CPU
		{B91B3503-6551-4D0D-96E1-7E1E27ED1B50}.Release|Any CPU.ActiveCfg = Release|Any CPU
		{B91B3503-6551-4D0D-96E1-7E1E27ED1B50}.Release|Any CPU.Build.0 = Release|Any CPU
		{B91B3503-6551-4D0D-96E1-7E1E27ED1B50}.Release|ARM.ActiveCfg = Release|Any CPU
		{B91B3503-6551-4D0D-96E1-7E1E27ED1B50}.Release|x64.ActiveCfg = Release|Any CPU
		{B91B3503-6551-4D0D-96E1-7E1E27ED1B50}.Release|x86.ActiveCfg = Release|Any CPU
		{9A90012B-CBFD-45DF-A03F-CD1D345679E5}.Debug|Any CPU.ActiveCfg = Debug|Any CPU
		{9A90012B-CBFD-45DF-A03F-CD1D345679E5}.Debug|Any CPU.Build.0 = Debug|Any CPU
		{9A90012B-CBFD-45DF-A03F-CD1D345679E5}.Debug|ARM.ActiveCfg = Debug|Any CPU
		{9A90012B-CBFD-45DF-A03F-CD1D345679E5}.Debug|x64.ActiveCfg = Debug|Any CPU
		{9A90012B-CBFD-45DF-A03F-CD1D345679E5}.Debug|x86.ActiveCfg = Debug|x86
		{9A90012B-CBFD-45DF-A03F-CD1D345679E5}.Debug|x86.Build.0 = Debug|x86
		{9A90012B-CBFD-45DF-A03F-CD1D345679E5}.Release|Any CPU.ActiveCfg = Release|Any CPU
		{9A90012B-CBFD-45DF-A03F-CD1D345679E5}.Release|Any CPU.Build.0 = Release|Any CPU
		{9A90012B-CBFD-45DF-A03F-CD1D345679E5}.Release|ARM.ActiveCfg = Release|Any CPU
		{9A90012B-CBFD-45DF-A03F-CD1D345679E5}.Release|x64.ActiveCfg = Release|Any CPU
		{9A90012B-CBFD-45DF-A03F-CD1D345679E5}.Release|x86.ActiveCfg = Release|x86
		{9A90012B-CBFD-45DF-A03F-CD1D345679E5}.Release|x86.Build.0 = Release|x86
		{DED413BA-72D7-4F04-B516-EFB0161B915D}.Debug|Any CPU.ActiveCfg = Debug|Any CPU
		{DED413BA-72D7-4F04-B516-EFB0161B915D}.Debug|Any CPU.Build.0 = Debug|Any CPU
		{DED413BA-72D7-4F04-B516-EFB0161B915D}.Debug|ARM.ActiveCfg = Debug|Any CPU
		{DED413BA-72D7-4F04-B516-EFB0161B915D}.Debug|x64.ActiveCfg = Debug|Any CPU
		{DED413BA-72D7-4F04-B516-EFB0161B915D}.Debug|x86.ActiveCfg = Debug|Any CPU
		{DED413BA-72D7-4F04-B516-EFB0161B915D}.Release|Any CPU.ActiveCfg = Release|Any CPU
		{DED413BA-72D7-4F04-B516-EFB0161B915D}.Release|Any CPU.Build.0 = Release|Any CPU
		{DED413BA-72D7-4F04-B516-EFB0161B915D}.Release|ARM.ActiveCfg = Release|Any CPU
		{DED413BA-72D7-4F04-B516-EFB0161B915D}.Release|x64.ActiveCfg = Release|Any CPU
		{DED413BA-72D7-4F04-B516-EFB0161B915D}.Release|x86.ActiveCfg = Release|Any CPU
		{6C2730DF-4F19-4F30-8BD9-208F69419ED1}.Debug|Any CPU.ActiveCfg = Debug|Any CPU
		{6C2730DF-4F19-4F30-8BD9-208F69419ED1}.Debug|Any CPU.Build.0 = Debug|Any CPU
		{6C2730DF-4F19-4F30-8BD9-208F69419ED1}.Debug|ARM.ActiveCfg = Debug|Any CPU
		{6C2730DF-4F19-4F30-8BD9-208F69419ED1}.Debug|x64.ActiveCfg = Debug|Any CPU
		{6C2730DF-4F19-4F30-8BD9-208F69419ED1}.Debug|x86.ActiveCfg = Debug|Any CPU
		{6C2730DF-4F19-4F30-8BD9-208F69419ED1}.Release|Any CPU.ActiveCfg = Release|Any CPU
		{6C2730DF-4F19-4F30-8BD9-208F69419ED1}.Release|Any CPU.Build.0 = Release|Any CPU
		{6C2730DF-4F19-4F30-8BD9-208F69419ED1}.Release|ARM.ActiveCfg = Release|Any CPU
		{6C2730DF-4F19-4F30-8BD9-208F69419ED1}.Release|x64.ActiveCfg = Release|Any CPU
		{6C2730DF-4F19-4F30-8BD9-208F69419ED1}.Release|x86.ActiveCfg = Release|Any CPU
	EndGlobalSection
	GlobalSection(SolutionProperties) = preSolution
		HideSolutionNode = FALSE
	EndGlobalSection
EndGlobal
